# This file is automatically @generated by Cargo.
# It is not intended for manual editing.
version = 4

[[package]]
name = "bytes"
version = "1.11.1"
source = "registry+https://github.com/rust-lang/crates.io-index"
checksum = "1e748733b7cbc798e1434b6ac524f0c1ff2ab456fe201501e6497c8417a4fc33"

[[package]]
name = "inventory"
version = "0.3.22"
source = "registry+https://github.com/rust-lang/crates.io-index"
checksum = "009ae045c87e7082cb72dab0ccd01ae075dd00141ddc108f43a0ea150a9e7227"
dependencies = [
 "rustversion",
]

[[package]]
name = "red"
version = "0.1.0"
dependencies = [
 "bytes",
 "inventory",
]

[[package]]
name = "rustversion"
version = "1.0.22"
source = "registry+https://github.com/rust-lang/crates.io-index"
checksum = "b39cdef0fa800fc44525c84ccb54a029961a8215f9619753635a9c0d2538d46d"
